
Microsoft Visual Studio Solution File, Format Version 12.00
# Visual Studio Version 17
VisualStudioVersion = 17.9.34728.123
MinimumVisualStudioVersion = 10.0.40219.1
Project("{FAE04EC0-301F-11D3-BF4B-00C04F79EFBC}") = "IdeaExperiment", "IdeaExperiment\IdeaExperiment.csproj", "{C38CA4B8-E127-471D-A639-08F8A1889BAA}"
EndProject
Global
	GlobalSection(SolutionConfigurationPlatforms) = preSolution
		Debug|Any CPU = Debug|Any CPU
		Release|Any CPU = Release|Any CPU
	EndGlobalSection
	GlobalSection(ProjectConfigurationPlatforms) = postSolution
		{C38CA4B8-E127-471D-A639-08F8A1889BAA}.Debug|Any CPU.ActiveCfg = Debug|Any CPU
		{C38CA4B8-E127-471D-A639-08F8A1889BAA}.Debug|Any CPU.Build.0 = Debug|Any CPU
		{C38CA4B8-E127-471D-A639-08F8A1889BAA}.Release|Any CPU.ActiveCfg = Release|Any CPU
		{C38CA4B8-E127-471D-A639-08F8A1889BAA}.Release|Any CPU.Build.0 = Release|Any CPU
	EndGlobalSection
	GlobalSection(SolutionProperties) = preSolution
		HideSolutionNode = FALSE
	EndGlobalSection
	GlobalSection(ExtensibilityGlobals) = postSolution
		SolutionGuid = {8282FD07-6E57-4B96-8E7E-3512E3C3FF30}
	EndGlobalSection
EndGlobal
