
Microsoft Visual Studio Solution File, Format Version 12.00
# Visual Studio Version 17
VisualStudioVersion = 17.9.34728.123
MinimumVisualStudioVersion = 10.0.40219.1
Project("{FAE04EC0-301F-11D3-BF4B-00C04F79EFBC}") = "StorySpoilApiTests", "StorySpoilApiTests\StorySpoilApiTests.csproj", "{A109FA83-5807-4673-8BE9-998C93C81210}"
EndProject
Global
	GlobalSection(SolutionConfigurationPlatforms) = preSolution
		Debug|Any CPU = Debug|Any CPU
		Release|Any CPU = Release|Any CPU
	EndGlobalSection
	GlobalSection(ProjectConfigurationPlatforms) = postSolution
		{A109FA83-5807-4673-8BE9-998C93C81210}.Debug|Any CPU.ActiveCfg = Debug|Any CPU
		{A109FA83-5807-4673-8BE9-998C93C81210}.Debug|Any CPU.Build.0 = Debug|Any CPU
		{A109FA83-5807-4673-8BE9-998C93C81210}.Release|Any CPU.ActiveCfg = Release|Any CPU
		{A109FA83-5807-4673-8BE9-998C93C81210}.Release|Any CPU.Build.0 = Release|Any CPU
	EndGlobalSection
	GlobalSection(SolutionProperties) = preSolution
		HideSolutionNode = FALSE
	EndGlobalSection
	GlobalSection(ExtensibilityGlobals) = postSolution
		SolutionGuid = {CB88B895-04F6-4149-A23D-1237299C38CC}
	EndGlobalSection
EndGlobal
